# This file is autogenerated, do not edit; changes may be undone by the next 'dep ensure'.


[[projects]]
  name = "github.com/Sirupsen/logrus"
  packages = ["."]
  revision = "3e01752db0189b9157070a0e1668a620f9a85da2"
  version = "v1.0.6"

[[projects]]
  name = "github.com/kelseyhightower/envconfig"
  packages = ["."]
  revision = "f611eb38b3875cc3bd991ca91c51d06446afa14c"
  version = "v1.3.0"

[[projects]]
  branch = "master"
  name = "golang.org/x/crypto"
  packages = ["ssh/terminal"]
  revision = "0e37d006457bf46f9e6692014ba72ef82c33022c"

[[projects]]
  branch = "master"
  name = "golang.org/x/sys"
  packages = [
    "unix",
    "windows"
  ]
  revision = "1561086e645b2809fb9f8a1e2a38160bf8d53bf4"

[[projects]]
  branch = "v1"
  name = "gopkg.in/jarcoal/httpmock.v1"
  packages = ["."]
  revision = "8007e27cdb3239fcfc95c1274d7d8cbcc68b7d52"

[[projects]]
  name = "gopkg.in/relistan/rubberneck.v1"
  packages = ["."]
  revision = "03df8f975a7d48ea65bc65bfbb3459b49a28037a"
  version = "v1.1.0"

[solve-meta]
  analyzer-name = "dep"
  analyzer-version = 1
  inputs-digest = "537b4c48ceaaf1aa6376ac9adeee1e116121538ef41a4dd247f83a1b3e676bcb"
  solver-name = "gps-cdcl"
  solver-version = 1
